#include <iostream>

using namespace std;

int main()
{
    int num1,num2;

        cout<<"Enter your first number:\n";
        cin >>num1;
        cout<<"Enter your second number:\n";
        cin>>num2;
    int i,x,last;

    for (i=1;i<=num1;i++)
       if (num1%i==0)

    for (x=1;x<=num2;x++)
       if (num2%x==0)

    if (i==x)
      {
         last=i;
         cout<<last<<endl;
      }

    //مقسوم علیه های مشترک دو عدد




    return 0;
}
