#include <iostream>

using namespace std;

int main()
{
    int a,b;
    int result = 1;

    cout<<"Enter your first number:";
    cin>>a;
    cout<<"Enter your second number:";
    cin>>b;

    /*for (int i=1; i<=b; i++)
        result = result*a;
    cout << result;*/

    int i=1;
    while (i <= b)
     {
      result = result*a;
      i++;
     }
     cout <<resuly;

    return 0;
}
