#include <iostream>

using namespace std;

int main()
{
    int seconds;
    cout << "Enter the number of seconds:";
    cin >> seconds;

    int days = seconds / 86400;
    seconds = seconds % 86400;

    int hours = seconds / 3600;
    seconds = seconds % 3600;

    int minutes = seconds / 60;
    seconds = seconds % 60;

    cout << "Days:"    << days    <<endl;
    cout << "Hours:"   << hours   <<endl;
    cout << "Minutes:" << minutes <<endl;
    cout << "seconds:" << seconds <<endl;

    return 0;
}
