#include <iostream>

using namespace std;

int main()
{
   int n;
   int sum =0;
   cout<<"Enter your number:";
   cin>>n;

   /*for (int i=1; i<n; i++)
        sum = sum + i;
    cout << sum;*/

    int i=1;
    while (i < n)
     {
      sum = sum + i;
      i++;
     }
   cout << sum;
    return 0;
}
